// !$*UTF8*$!
{
	archiveVersion = 1;
	classes = {
	};
	objectVersion = 51;
	objects = {

/* Begin PBXBuildFile section */
		07342E0E247956E800A77BF7 /* Intro.storyboard in Resources */ = {isa = PBXBuildFile; fileRef = 07342E09247956E800A77BF7 /* Intro.storyboard */; };
		07342E0F247956E800A77BF7 /* IntroInterfaces.swift in Sources */ = {isa = PBXBuildFile; fileRef = 07342E0A247956E800A77BF7 /* IntroInterfaces.swift */; };
		07342E10247956E800A77BF7 /* IntroPresenter.swift in Sources */ = {isa = PBXBuildFile; fileRef = 07342E0B247956E800A77BF7 /* IntroPresenter.swift */; };
		07342E11247956E800A77BF7 /* IntroViewController.swift in Sources */ = {isa = PBXBuildFile; fileRef = 07342E0C247956E800A77BF7 /* IntroViewController.swift */; };
		07342E12247956E800A77BF7 /* IntroWireframe.swift in Sources */ = {isa = PBXBuildFile; fileRef = 07342E0D247956E800A77BF7 /* IntroWireframe.swift */; };
		53D40F3CD091A40F37168060 /* Pods_ColorsMe_ColorsMeUITests.framework in Frameworks */ = {isa = PBXBuildFile; fileRef = CE899B237EC7777F01FF7D36 /* Pods_ColorsMe_ColorsMeUITests.framework */; };
		5CFCF9B2C97F7E1198EBD59B /* Pods_ColorsMe.framework in Frameworks */ = {isa = PBXBuildFile; fileRef = 4843E0A33CA60452C7772E53 /* Pods_ColorsMe.framework */; };
		873AC7122477C8DC00261CD5 /* TabBarViewProtocol.swift in Sources */ = {isa = PBXBuildFile; fileRef = 873AC7112477C8DC00261CD5 /* TabBarViewProtocol.swift */; };
		873AC71C2477C95400261CD5 /* BaseWireframe.swift in Sources */ = {isa = PBXBuildFile; fileRef = 873AC71B2477C95400261CD5 /* BaseWireframe.swift */; };
		873AC7302477D59100261CD5 /* Storyboard.swift in Sources */ = {isa = PBXBuildFile; fileRef = 873AC72F2477D59100261CD5 /* Storyboard.swift */; };
		875D6E07247431B100C6DF31 /* AppDelegate.swift in Sources */ = {isa = PBXBuildFile; fileRef = 875D6E06247431B100C6DF31 /* AppDelegate.swift */; };
		875D6E09247431B100C6DF31 /* SceneDelegate.swift in Sources */ = {isa = PBXBuildFile; fileRef = 875D6E08247431B100C6DF31 /* SceneDelegate.swift */; };
		875D6E11247431B100C6DF31 /* ColorsMe.xcdatamodeld in Sources */ = {isa = PBXBuildFile; fileRef = 875D6E0F247431B100C6DF31 /* ColorsMe.xcdatamodeld */; };
		875D6E16247431B600C6DF31 /* LaunchScreen.storyboard in Resources */ = {isa = PBXBuildFile; fileRef = 875D6E14247431B600C6DF31 /* LaunchScreen.storyboard */; };
		875D6E21247431B700C6DF31 /* ColorsMeTests.swift in Sources */ = {isa = PBXBuildFile; fileRef = 875D6E20247431B700C6DF31 /* ColorsMeTests.swift */; };
		875D6E2C247431B700C6DF31 /* ColorsMeUITests.swift in Sources */ = {isa = PBXBuildFile; fileRef = 875D6E2B247431B700C6DF31 /* ColorsMeUITests.swift */; };
		87CEC7922477F9AF00206255 /* ColorsNavigationViewController.swift in Sources */ = {isa = PBXBuildFile; fileRef = 87CEC7912477F9AF00206255 /* ColorsNavigationViewController.swift */; };
		87CEC7AB2477FCE300206255 /* PresenterInterface.swift in Sources */ = {isa = PBXBuildFile; fileRef = 87CEC7A72477FCE300206255 /* PresenterInterface.swift */; };
		87CEC7AC2477FCE300206255 /* FormatterInterface.swift in Sources */ = {isa = PBXBuildFile; fileRef = 87CEC7A82477FCE300206255 /* FormatterInterface.swift */; };
		87CEC7AD2477FCE300206255 /* InteractorInterface.swift in Sources */ = {isa = PBXBuildFile; fileRef = 87CEC7A92477FCE300206255 /* InteractorInterface.swift */; };
		87CEC7AE2477FCE300206255 /* ViewInterface.swift in Sources */ = {isa = PBXBuildFile; fileRef = 87CEC7AA2477FCE300206255 /* ViewInterface.swift */; };
		87CEC7B22477FF4300206255 /* Assets.xcassets in Resources */ = {isa = PBXBuildFile; fileRef = 87CEC7B12477FF4300206255 /* Assets.xcassets */; };
		87CEC7B52478216100206255 /* EmotionalColor.swift in Sources */ = {isa = PBXBuildFile; fileRef = 87CEC7B42478216100206255 /* EmotionalColor.swift */; };
		87CEC7BB2478265400206255 /* ColorTabBar.storyboard in Resources */ = {isa = PBXBuildFile; fileRef = 87CEC7B62478265400206255 /* ColorTabBar.storyboard */; };
		87CEC7BC2478265400206255 /* ColorTabBarInterfaces.swift in Sources */ = {isa = PBXBuildFile; fileRef = 87CEC7B72478265400206255 /* ColorTabBarInterfaces.swift */; };
		87CEC7BD2478265400206255 /* ColorTabBarPresenter.swift in Sources */ = {isa = PBXBuildFile; fileRef = 87CEC7B82478265400206255 /* ColorTabBarPresenter.swift */; };
		87CEC7BE2478265400206255 /* ColorTabBarViewController.swift in Sources */ = {isa = PBXBuildFile; fileRef = 87CEC7B92478265400206255 /* ColorTabBarViewController.swift */; };
		87CEC7BF2478265400206255 /* ColorTabBarWireframe.swift in Sources */ = {isa = PBXBuildFile; fileRef = 87CEC7BA2478265400206255 /* ColorTabBarWireframe.swift */; };
		87CEC7C624782A7400206255 /* ColorMap.storyboard in Resources */ = {isa = PBXBuildFile; fileRef = 87CEC7C024782A7400206255 /* ColorMap.storyboard */; };
		87CEC7C724782A7400206255 /* ColorMapInterfaces.swift in Sources */ = {isa = PBXBuildFile; fileRef = 87CEC7C124782A7400206255 /* ColorMapInterfaces.swift */; };
		87CEC7C824782A7400206255 /* ColorMapPresenter.swift in Sources */ = {isa = PBXBuildFile; fileRef = 87CEC7C224782A7400206255 /* ColorMapPresenter.swift */; };
		87CEC7C924782A7400206255 /* ColorMapViewController.swift in Sources */ = {isa = PBXBuildFile; fileRef = 87CEC7C324782A7400206255 /* ColorMapViewController.swift */; };
		87CEC7CA24782A7400206255 /* ColorMapInteractor.swift in Sources */ = {isa = PBXBuildFile; fileRef = 87CEC7C424782A7400206255 /* ColorMapInteractor.swift */; };
		87CEC7CB24782A7400206255 /* ColorMapWireframe.swift in Sources */ = {isa = PBXBuildFile; fileRef = 87CEC7C524782A7400206255 /* ColorMapWireframe.swift */; };
		F3D52F6E555A555C15C17169 /* Pods_ColorsMeTests.framework in Frameworks */ = {isa = PBXBuildFile; fileRef = 43F552BF2D55B2BE38E1B9E6 /* Pods_ColorsMeTests.framework */; };
/* End PBXBuildFile section */

/* Begin PBXContainerItemProxy section */
		875D6E1D247431B700C6DF31 /* PBXContainerItemProxy */ = {
			isa = PBXContainerItemProxy;
			containerPortal = 875D6DFB247431B100C6DF31 /* Project object */;
			proxyType = 1;
			remoteGlobalIDString = 875D6E02247431B100C6DF31;
			remoteInfo = ColorsMe;
		};
		875D6E28247431B700C6DF31 /* PBXContainerItemProxy */ = {
			isa = PBXContainerItemProxy;
			containerPortal = 875D6DFB247431B100C6DF31 /* Project object */;
			proxyType = 1;
			remoteGlobalIDString = 875D6E02247431B100C6DF31;
			remoteInfo = ColorsMe;
		};
/* End PBXContainerItemProxy section */

/* Begin PBXFileReference section */
		07342E09247956E800A77BF7 /* Intro.storyboard */ = {isa = PBXFileReference; lastKnownFileType = file.storyboard; path = Intro.storyboard; sourceTree = "<group>"; };
		07342E0A247956E800A77BF7 /* IntroInterfaces.swift */ = {isa = PBXFileReference; lastKnownFileType = sourcecode.swift; path = IntroInterfaces.swift; sourceTree = "<group>"; };
		07342E0B247956E800A77BF7 /* IntroPresenter.swift */ = {isa = PBXFileReference; lastKnownFileType = sourcecode.swift; path = IntroPresenter.swift; sourceTree = "<group>"; };
		07342E0C247956E800A77BF7 /* IntroViewController.swift */ = {isa = PBXFileReference; lastKnownFileType = sourcecode.swift; path = IntroViewController.swift; sourceTree = "<group>"; };
		07342E0D247956E800A77BF7 /* IntroWireframe.swift */ = {isa = PBXFileReference; lastKnownFileType = sourcecode.swift; path = IntroWireframe.swift; sourceTree = "<group>"; };
		11CF73532C8DABECA62F6556 /* Pods-ColorsMeTests.release.xcconfig */ = {isa = PBXFileReference; includeInIndex = 1; lastKnownFileType = text.xcconfig; name = "Pods-ColorsMeTests.release.xcconfig"; path = "Target Support Files/Pods-ColorsMeTests/Pods-ColorsMeTests.release.xcconfig"; sourceTree = "<group>"; };
		2FF592CE8B7E90DCFFB2C306 /* Pods-ColorsMe-ColorsMeUITests.debug.xcconfig */ = {isa = PBXFileReference; includeInIndex = 1; lastKnownFileType = text.xcconfig; name = "Pods-ColorsMe-ColorsMeUITests.debug.xcconfig"; path = "Target Support Files/Pods-ColorsMe-ColorsMeUITests/Pods-ColorsMe-ColorsMeUITests.debug.xcconfig"; sourceTree = "<group>"; };
		43F552BF2D55B2BE38E1B9E6 /* Pods_ColorsMeTests.framework */ = {isa = PBXFileReference; explicitFileType = wrapper.framework; includeInIndex = 0; path = Pods_ColorsMeTests.framework; sourceTree = BUILT_PRODUCTS_DIR; };
		4843E0A33CA60452C7772E53 /* Pods_ColorsMe.framework */ = {isa = PBXFileReference; explicitFileType = wrapper.framework; includeInIndex = 0; path = Pods_ColorsMe.framework; sourceTree = BUILT_PRODUCTS_DIR; };
		873AC7112477C8DC00261CD5 /* TabBarViewProtocol.swift */ = {isa = PBXFileReference; lastKnownFileType = sourcecode.swift; path = TabBarViewProtocol.swift; sourceTree = "<group>"; };
		873AC71B2477C95400261CD5 /* BaseWireframe.swift */ = {isa = PBXFileReference; lastKnownFileType = sourcecode.swift; path = BaseWireframe.swift; sourceTree = "<group>"; };
		873AC72F2477D59100261CD5 /* Storyboard.swift */ = {isa = PBXFileReference; lastKnownFileType = sourcecode.swift; path = Storyboard.swift; sourceTree = "<group>"; };
		875D6E03247431B100C6DF31 /* ColorsMe.app */ = {isa = PBXFileReference; explicitFileType = wrapper.application; includeInIndex = 0; path = ColorsMe.app; sourceTree = BUILT_PRODUCTS_DIR; };
		875D6E06247431B100C6DF31 /* AppDelegate.swift */ = {isa = PBXFileReference; lastKnownFileType = sourcecode.swift; path = AppDelegate.swift; sourceTree = "<group>"; };
		875D6E08247431B100C6DF31 /* SceneDelegate.swift */ = {isa = PBXFileReference; lastKnownFileType = sourcecode.swift; path = SceneDelegate.swift; sourceTree = "<group>"; };
		875D6E10247431B100C6DF31 /* ColorsMe.xcdatamodel */ = {isa = PBXFileReference; lastKnownFileType = wrapper.xcdatamodel; path = ColorsMe.xcdatamodel; sourceTree = "<group>"; };
		875D6E15247431B600C6DF31 /* Base */ = {isa = PBXFileReference; lastKnownFileType = file.storyboard; name = Base; path = Base.lproj/LaunchScreen.storyboard; sourceTree = "<group>"; };
		875D6E17247431B600C6DF31 /* Info.plist */ = {isa = PBXFileReference; lastKnownFileType = text.plist.xml; path = Info.plist; sourceTree = "<group>"; };
		875D6E1C247431B700C6DF31 /* ColorsMeTests.xctest */ = {isa = PBXFileReference; explicitFileType = wrapper.cfbundle; includeInIndex = 0; path = ColorsMeTests.xctest; sourceTree = BUILT_PRODUCTS_DIR; };
		875D6E20247431B700C6DF31 /* ColorsMeTests.swift */ = {isa = PBXFileReference; lastKnownFileType = sourcecode.swift; path = ColorsMeTests.swift; sourceTree = "<group>"; };
		875D6E22247431B700C6DF31 /* Info.plist */ = {isa = PBXFileReference; lastKnownFileType = text.plist.xml; path = Info.plist; sourceTree = "<group>"; };
		875D6E27247431B700C6DF31 /* ColorsMeUITests.xctest */ = {isa = PBXFileReference; explicitFileType = wrapper.cfbundle; includeInIndex = 0; path = ColorsMeUITests.xctest; sourceTree = BUILT_PRODUCTS_DIR; };
		875D6E2B247431B700C6DF31 /* ColorsMeUITests.swift */ = {isa = PBXFileReference; lastKnownFileType = sourcecode.swift; path = ColorsMeUITests.swift; sourceTree = "<group>"; };
		875D6E2D247431B700C6DF31 /* Info.plist */ = {isa = PBXFileReference; lastKnownFileType = text.plist.xml; path = Info.plist; sourceTree = "<group>"; };
		87CEC7912477F9AF00206255 /* ColorsNavigationViewController.swift */ = {isa = PBXFileReference; lastKnownFileType = sourcecode.swift; path = ColorsNavigationViewController.swift; sourceTree = "<group>"; };
		87CEC7A72477FCE300206255 /* PresenterInterface.swift */ = {isa = PBXFileReference; fileEncoding = 4; lastKnownFileType = sourcecode.swift; path = PresenterInterface.swift; sourceTree = "<group>"; };
		87CEC7A82477FCE300206255 /* FormatterInterface.swift */ = {isa = PBXFileReference; fileEncoding = 4; lastKnownFileType = sourcecode.swift; path = FormatterInterface.swift; sourceTree = "<group>"; };
		87CEC7A92477FCE300206255 /* InteractorInterface.swift */ = {isa = PBXFileReference; fileEncoding = 4; lastKnownFileType = sourcecode.swift; path = InteractorInterface.swift; sourceTree = "<group>"; };
		87CEC7AA2477FCE300206255 /* ViewInterface.swift */ = {isa = PBXFileReference; fileEncoding = 4; lastKnownFileType = sourcecode.swift; path = ViewInterface.swift; sourceTree = "<group>"; };
		87CEC7B12477FF4300206255 /* Assets.xcassets */ = {isa = PBXFileReference; lastKnownFileType = folder.assetcatalog; path = Assets.xcassets; sourceTree = "<group>"; };
		87CEC7B42478216100206255 /* EmotionalColor.swift */ = {isa = PBXFileReference; lastKnownFileType = sourcecode.swift; path = EmotionalColor.swift; sourceTree = "<group>"; };
		87CEC7B62478265400206255 /* ColorTabBar.storyboard */ = {isa = PBXFileReference; lastKnownFileType = file.storyboard; path = ColorTabBar.storyboard; sourceTree = "<group>"; };
		87CEC7B72478265400206255 /* ColorTabBarInterfaces.swift */ = {isa = PBXFileReference; lastKnownFileType = sourcecode.swift; path = ColorTabBarInterfaces.swift; sourceTree = "<group>"; };
		87CEC7B82478265400206255 /* ColorTabBarPresenter.swift */ = {isa = PBXFileReference; lastKnownFileType = sourcecode.swift; path = ColorTabBarPresenter.swift; sourceTree = "<group>"; };
		87CEC7B92478265400206255 /* ColorTabBarViewController.swift */ = {isa = PBXFileReference; lastKnownFileType = sourcecode.swift; path = ColorTabBarViewController.swift; sourceTree = "<group>"; };
		87CEC7BA2478265400206255 /* ColorTabBarWireframe.swift */ = {isa = PBXFileReference; lastKnownFileType = sourcecode.swift; path = ColorTabBarWireframe.swift; sourceTree = "<group>"; };
		87CEC7C024782A7400206255 /* ColorMap.storyboard */ = {isa = PBXFileReference; lastKnownFileType = file.storyboard; path = ColorMap.storyboard; sourceTree = "<group>"; };
		87CEC7C124782A7400206255 /* ColorMapInterfaces.swift */ = {isa = PBXFileReference; lastKnownFileType = sourcecode.swift; path = ColorMapInterfaces.swift; sourceTree = "<group>"; };
		87CEC7C224782A7400206255 /* ColorMapPresenter.swift */ = {isa = PBXFileReference; lastKnownFileType = sourcecode.swift; path = ColorMapPresenter.swift; sourceTree = "<group>"; };
		87CEC7C324782A7400206255 /* ColorMapViewController.swift */ = {isa = PBXFileReference; lastKnownFileType = sourcecode.swift; path = ColorMapViewController.swift; sourceTree = "<group>"; };
		87CEC7C424782A7400206255 /* ColorMapInteractor.swift */ = {isa = PBXFileReference; lastKnownFileType = sourcecode.swift; path = ColorMapInteractor.swift; sourceTree = "<group>"; };
		87CEC7C524782A7400206255 /* ColorMapWireframe.swift */ = {isa = PBXFileReference; lastKnownFileType = sourcecode.swift; path = ColorMapWireframe.swift; sourceTree = "<group>"; };
		A9FC000EFEB6C462BFF86E19 /* Pods-ColorsMe.debug.xcconfig */ = {isa = PBXFileReference; includeInIndex = 1; lastKnownFileType = text.xcconfig; name = "Pods-ColorsMe.debug.xcconfig"; path = "Target Support Files/Pods-ColorsMe/Pods-ColorsMe.debug.xcconfig"; sourceTree = "<group>"; };
		B2B66BE1C363E8E37B8BE064 /* Pods-ColorsMeTests.debug.xcconfig */ = {isa = PBXFileReference; includeInIndex = 1; lastKnownFileType = text.xcconfig; name = "Pods-ColorsMeTests.debug.xcconfig"; path = "Target Support Files/Pods-ColorsMeTests/Pods-ColorsMeTests.debug.xcconfig"; sourceTree = "<group>"; };
		BD375A421E8BA2D3309FE03B /* Pods-ColorsMe.release.xcconfig */ = {isa = PBXFileReference; includeInIndex = 1; lastKnownFileType = text.xcconfig; name = "Pods-ColorsMe.release.xcconfig"; path = "Target Support Files/Pods-ColorsMe/Pods-ColorsMe.release.xcconfig"; sourceTree = "<group>"; };
		CE899B237EC7777F01FF7D36 /* Pods_ColorsMe_ColorsMeUITests.framework */ = {isa = PBXFileReference; explicitFileType = wrapper.framework; includeInIndex = 0; path = Pods_ColorsMe_ColorsMeUITests.framework; sourceTree = BUILT_PRODUCTS_DIR; };
		E834211D42DA5E503D1A3019 /* Pods-ColorsMe-ColorsMeUITests.release.xcconfig */ = {isa = PBXFileReference; includeInIndex = 1; lastKnownFileType = text.xcconfig; name = "Pods-ColorsMe-ColorsMeUITests.release.xcconfig"; path = "Target Support Files/Pods-ColorsMe-ColorsMeUITests/Pods-ColorsMe-ColorsMeUITests.release.xcconfig"; sourceTree = "<group>"; };
/* End PBXFileReference section */

/* Begin PBXFrameworksBuildPhase section */
		875D6E00247431B100C6DF31 /* Frameworks */ = {
			isa = PBXFrameworksBuildPhase;
			buildActionMask = 2147483647;
			files = (
				5CFCF9B2C97F7E1198EBD59B /* Pods_ColorsMe.framework in Frameworks */,
			);
			runOnlyForDeploymentPostprocessing = 0;
		};
		875D6E19247431B700C6DF31 /* Frameworks */ = {
			isa = PBXFrameworksBuildPhase;
			buildActionMask = 2147483647;
			files = (
				F3D52F6E555A555C15C17169 /* Pods_ColorsMeTests.framework in Frameworks */,
			);
			runOnlyForDeploymentPostprocessing = 0;
		};
		875D6E24247431B700C6DF31 /* Frameworks */ = {
			isa = PBXFrameworksBuildPhase;
			buildActionMask = 2147483647;
			files = (
				53D40F3CD091A40F37168060 /* Pods_ColorsMe_ColorsMeUITests.framework in Frameworks */,
			);
			runOnlyForDeploymentPostprocessing = 0;
		};
/* End PBXFrameworksBuildPhase section */

/* Begin PBXGroup section */
		01903B64009F56808E460FCC /* Frameworks */ = {
			isa = PBXGroup;
			children = (
				4843E0A33CA60452C7772E53 /* Pods_ColorsMe.framework */,
				CE899B237EC7777F01FF7D36 /* Pods_ColorsMe_ColorsMeUITests.framework */,
				43F552BF2D55B2BE38E1B9E6 /* Pods_ColorsMeTests.framework */,
			);
			name = Frameworks;
			sourceTree = "<group>";
		};
		07342E08247956DA00A77BF7 /* Intro */ = {
			isa = PBXGroup;
			children = (
				07342E09247956E800A77BF7 /* Intro.storyboard */,
				07342E0A247956E800A77BF7 /* IntroInterfaces.swift */,
				07342E0B247956E800A77BF7 /* IntroPresenter.swift */,
				07342E0C247956E800A77BF7 /* IntroViewController.swift */,
				07342E0D247956E800A77BF7 /* IntroWireframe.swift */,
			);
			path = Intro;
			sourceTree = "<group>";
		};
		6023A95306E6FB5FDF38A0BA /* Pods */ = {
			isa = PBXGroup;
			children = (
				A9FC000EFEB6C462BFF86E19 /* Pods-ColorsMe.debug.xcconfig */,
				BD375A421E8BA2D3309FE03B /* Pods-ColorsMe.release.xcconfig */,
				2FF592CE8B7E90DCFFB2C306 /* Pods-ColorsMe-ColorsMeUITests.debug.xcconfig */,
				E834211D42DA5E503D1A3019 /* Pods-ColorsMe-ColorsMeUITests.release.xcconfig */,
				B2B66BE1C363E8E37B8BE064 /* Pods-ColorsMeTests.debug.xcconfig */,
				11CF73532C8DABECA62F6556 /* Pods-ColorsMeTests.release.xcconfig */,
			);
			path = Pods;
			sourceTree = "<group>";
		};
		873AC70E2477C39E00261CD5 /* Settings */ = {
			isa = PBXGroup;
			children = (
			);
			path = Settings;
			sourceTree = "<group>";
		};
		873AC71D2477C9B000261CD5 /* Wireframe */ = {
			isa = PBXGroup;
			children = (
				873AC71B2477C95400261CD5 /* BaseWireframe.swift */,
			);
			name = Wireframe;
			sourceTree = "<group>";
		};
		873AC71E2477C9C000261CD5 /* Protocols */ = {
			isa = PBXGroup;
			children = (
				87CEC7A82477FCE300206255 /* FormatterInterface.swift */,
				87CEC7A92477FCE300206255 /* InteractorInterface.swift */,
				87CEC7A72477FCE300206255 /* PresenterInterface.swift */,
				87CEC7AA2477FCE300206255 /* ViewInterface.swift */,
				873AC7112477C8DC00261CD5 /* TabBarViewProtocol.swift */,
			);
			name = Protocols;
			sourceTree = "<group>";
		};
		873AC72E2477D58500261CD5 /* Extension */ = {
			isa = PBXGroup;
			children = (
				873AC72F2477D59100261CD5 /* Storyboard.swift */,
			);
			name = Extension;
			sourceTree = "<group>";
		};
		873AC7312477D82300261CD5 /* Modules */ = {
			isa = PBXGroup;
			children = (
				07342E08247956DA00A77BF7 /* Intro */,
				8767E4C92476C56100A8CA55 /* ColorTabBar */,
				877F837E247502C8009BA6BE /* ColorMap */,
				877F837F24750313009BA6BE /* EmotionalDiary */,
				873AC70E2477C39E00261CD5 /* Settings */,
			);
			path = Modules;
			sourceTree = "<group>";
		};
		875D6DFA247431B100C6DF31 = {
			isa = PBXGroup;
			children = (
				875D6E05247431B100C6DF31 /* ColorsMe */,
				875D6E1F247431B700C6DF31 /* ColorsMeTests */,
				875D6E2A247431B700C6DF31 /* ColorsMeUITests */,
				875D6E04247431B100C6DF31 /* Products */,
				6023A95306E6FB5FDF38A0BA /* Pods */,
				01903B64009F56808E460FCC /* Frameworks */,
			);
			sourceTree = "<group>";
		};
		875D6E04247431B100C6DF31 /* Products */ = {
			isa = PBXGroup;
			children = (
				875D6E03247431B100C6DF31 /* ColorsMe.app */,
				875D6E1C247431B700C6DF31 /* ColorsMeTests.xctest */,
				875D6E27247431B700C6DF31 /* ColorsMeUITests.xctest */,
			);
			name = Products;
			sourceTree = "<group>";
		};
		875D6E05247431B100C6DF31 /* ColorsMe */ = {
			isa = PBXGroup;
			children = (
				87CEC7B12477FF4300206255 /* Assets.xcassets */,
				8767E4D82476C6D900A8CA55 /* Common */,
				873AC7312477D82300261CD5 /* Modules */,
				87CEC7B02477FEEF00206255 /* Resources */,
				875D6E06247431B100C6DF31 /* AppDelegate.swift */,
				875D6E08247431B100C6DF31 /* SceneDelegate.swift */,
				875D6E14247431B600C6DF31 /* LaunchScreen.storyboard */,
				875D6E17247431B600C6DF31 /* Info.plist */,
				875D6E0F247431B100C6DF31 /* ColorsMe.xcdatamodeld */,
				87CEC7912477F9AF00206255 /* ColorsNavigationViewController.swift */,
			);
			path = ColorsMe;
			sourceTree = "<group>";
		};
		875D6E1F247431B700C6DF31 /* ColorsMeTests */ = {
			isa = PBXGroup;
			children = (
				875D6E20247431B700C6DF31 /* ColorsMeTests.swift */,
				875D6E22247431B700C6DF31 /* Info.plist */,
			);
			path = ColorsMeTests;
			sourceTree = "<group>";
		};
		875D6E2A247431B700C6DF31 /* ColorsMeUITests */ = {
			isa = PBXGroup;
			children = (
				875D6E2B247431B700C6DF31 /* ColorsMeUITests.swift */,
				875D6E2D247431B700C6DF31 /* Info.plist */,
			);
			path = ColorsMeUITests;
			sourceTree = "<group>";
		};
		8767E4C92476C56100A8CA55 /* ColorTabBar */ = {
			isa = PBXGroup;
			children = (
				87CEC7B62478265400206255 /* ColorTabBar.storyboard */,
				87CEC7B72478265400206255 /* ColorTabBarInterfaces.swift */,
				87CEC7B82478265400206255 /* ColorTabBarPresenter.swift */,
				87CEC7B92478265400206255 /* ColorTabBarViewController.swift */,
				87CEC7BA2478265400206255 /* ColorTabBarWireframe.swift */,
			);
			path = ColorTabBar;
			sourceTree = "<group>";
		};
		8767E4D82476C6D900A8CA55 /* Common */ = {
			isa = PBXGroup;
			children = (
				87CEC7B32478215000206255 /* Models */,
				873AC72E2477D58500261CD5 /* Extension */,
				873AC71E2477C9C000261CD5 /* Protocols */,
				873AC71D2477C9B000261CD5 /* Wireframe */,
			);
			name = Common;
			sourceTree = "<group>";
		};
		877F837E247502C8009BA6BE /* ColorMap */ = {
			isa = PBXGroup;
			children = (
				87CEC7C024782A7400206255 /* ColorMap.storyboard */,
				87CEC7C124782A7400206255 /* ColorMapInterfaces.swift */,
				87CEC7C224782A7400206255 /* ColorMapPresenter.swift */,
				87CEC7C324782A7400206255 /* ColorMapViewController.swift */,
				87CEC7C424782A7400206255 /* ColorMapInteractor.swift */,
				87CEC7C524782A7400206255 /* ColorMapWireframe.swift */,
			);
			path = ColorMap;
			sourceTree = "<group>";
		};
		877F837F24750313009BA6BE /* EmotionalDiary */ = {
			isa = PBXGroup;
			children = (
			);
			path = EmotionalDiary;
			sourceTree = "<group>";
		};
		87CEC7B02477FEEF00206255 /* Resources */ = {
			isa = PBXGroup;
			children = (
			);
			name = Resources;
			path = "New Group";
			sourceTree = "<group>";
		};
		87CEC7B32478215000206255 /* Models */ = {
			isa = PBXGroup;
			children = (
				87CEC7B42478216100206255 /* EmotionalColor.swift */,
			);
			name = Models;
			sourceTree = "<group>";
		};
/* End PBXGroup section */

/* Begin PBXNativeTarget section */
		875D6E02247431B100C6DF31 /* ColorsMe */ = {
			isa = PBXNativeTarget;
			buildConfigurationList = 875D6E30247431B700C6DF31 /* Build configuration list for PBXNativeTarget "ColorsMe" */;
			buildPhases = (
				CE32D16F0B32DEE9DCB8F774 /* [CP] Check Pods Manifest.lock */,
				875D6DFF247431B100C6DF31 /* Sources */,
				875D6E00247431B100C6DF31 /* Frameworks */,
				875D6E01247431B100C6DF31 /* Resources */,
				875D6E392474335500C6DF31 /* Build Number */,
				2D9A2E674DCC264C24B8091B /* [CP] Embed Pods Frameworks */,
			);
			buildRules = (
			);
			dependencies = (
			);
			name = ColorsMe;
			productName = ColorsMe;
			productReference = 875D6E03247431B100C6DF31 /* ColorsMe.app */;
			productType = "com.apple.product-type.application";
		};
		875D6E1B247431B700C6DF31 /* ColorsMeTests */ = {
			isa = PBXNativeTarget;
			buildConfigurationList = 875D6E33247431B700C6DF31 /* Build configuration list for PBXNativeTarget "ColorsMeTests" */;
			buildPhases = (
				3F5238C7762FE9BE83AECD75 /* [CP] Check Pods Manifest.lock */,
				875D6E18247431B700C6DF31 /* Sources */,
				875D6E19247431B700C6DF31 /* Frameworks */,
				875D6E1A247431B700C6DF31 /* Resources */,
			);
			buildRules = (
			);
			dependencies = (
				875D6E1E247431B700C6DF31 /* PBXTargetDependency */,
			);
			name = ColorsMeTests;
			productName = ColorsMeTests;
			productReference = 875D6E1C247431B700C6DF31 /* ColorsMeTests.xctest */;
			productType = "com.apple.product-type.bundle.unit-test";
		};
		875D6E26247431B700C6DF31 /* ColorsMeUITests */ = {
			isa = PBXNativeTarget;
			buildConfigurationList = 875D6E36247431B700C6DF31 /* Build configuration list for PBXNativeTarget "ColorsMeUITests" */;
			buildPhases = (
				4BA2A8BECB0DEEF0D39BB005 /* [CP] Check Pods Manifest.lock */,
				875D6E23247431B700C6DF31 /* Sources */,
				875D6E24247431B700C6DF31 /* Frameworks */,
				875D6E25247431B700C6DF31 /* Resources */,
				2C56D9C5BA39023FFC852E1E /* [CP] Embed Pods Frameworks */,
			);
			buildRules = (
			);
			dependencies = (
				875D6E29247431B700C6DF31 /* PBXTargetDependency */,
			);
			name = ColorsMeUITests;
			productName = ColorsMeUITests;
			productReference = 875D6E27247431B700C6DF31 /* ColorsMeUITests.xctest */;
			productType = "com.apple.product-type.bundle.ui-testing";
		};
/* End PBXNativeTarget section */

/* Begin PBXProject section */
		875D6DFB247431B100C6DF31 /* Project object */ = {
			isa = PBXProject;
			attributes = {
				LastSwiftUpdateCheck = 1140;
				LastUpgradeCheck = 1140;
				ORGANIZATIONNAME = "Juan Carlos Aguilar Garcia";
				TargetAttributes = {
					875D6E02247431B100C6DF31 = {
						CreatedOnToolsVersion = 11.4.1;
					};
					875D6E1B247431B700C6DF31 = {
						CreatedOnToolsVersion = 11.4.1;
						TestTargetID = 875D6E02247431B100C6DF31;
					};
					875D6E26247431B700C6DF31 = {
						CreatedOnToolsVersion = 11.4.1;
						TestTargetID = 875D6E02247431B100C6DF31;
					};
				};
			};
			buildConfigurationList = 875D6DFE247431B100C6DF31 /* Build configuration list for PBXProject "ColorsMe" */;
			compatibilityVersion = "Xcode 9.3";
			developmentRegion = en;
			hasScannedForEncodings = 0;
			knownRegions = (
				en,
				Base,
			);
			mainGroup = 875D6DFA247431B100C6DF31;
			productRefGroup = 875D6E04247431B100C6DF31 /* Products */;
			projectDirPath = "";
			projectRoot = "";
			targets = (
				875D6E02247431B100C6DF31 /* ColorsMe */,
				875D6E1B247431B700C6DF31 /* ColorsMeTests */,
				875D6E26247431B700C6DF31 /* ColorsMeUITests */,
			);
		};
/* End PBXProject section */

/* Begin PBXResourcesBuildPhase section */
		875D6E01247431B100C6DF31 /* Resources */ = {
			isa = PBXResourcesBuildPhase;
			buildActionMask = 2147483647;
			files = (
				87CEC7BB2478265400206255 /* ColorTabBar.storyboard in Resources */,
				87CEC7C624782A7400206255 /* ColorMap.storyboard in Resources */,
				87CEC7B22477FF4300206255 /* Assets.xcassets in Resources */,
				875D6E16247431B600C6DF31 /* LaunchScreen.storyboard in Resources */,
				07342E0E247956E800A77BF7 /* Intro.storyboard in Resources */,
			);
			runOnlyForDeploymentPostprocessing = 0;
		};
		875D6E1A247431B700C6DF31 /* Resources */ = {
			isa = PBXResourcesBuildPhase;
			buildActionMask = 2147483647;
			files = (
			);
			runOnlyForDeploymentPostprocessing = 0;
		};
		875D6E25247431B700C6DF31 /* Resources */ = {
			isa = PBXResourcesBuildPhase;
			buildActionMask = 2147483647;
			files = (
			);
			runOnlyForDeploymentPostprocessing = 0;
		};
/* End PBXResourcesBuildPhase section */

/* Begin PBXShellScriptBuildPhase section */
		2C56D9C5BA39023FFC852E1E /* [CP] Embed Pods Frameworks */ = {
			isa = PBXShellScriptBuildPhase;
			buildActionMask = 2147483647;
			files = (
			);
			inputFileListPaths = (
				"${PODS_ROOT}/Target Support Files/Pods-ColorsMe-ColorsMeUITests/Pods-ColorsMe-ColorsMeUITests-frameworks-${CONFIGURATION}-input-files.xcfilelist",
			);
			name = "[CP] Embed Pods Frameworks";
			outputFileListPaths = (
				"${PODS_ROOT}/Target Support Files/Pods-ColorsMe-ColorsMeUITests/Pods-ColorsMe-ColorsMeUITests-frameworks-${CONFIGURATION}-output-files.xcfilelist",
			);
			runOnlyForDeploymentPostprocessing = 0;
			shellPath = /bin/sh;
			shellScript = "\"${PODS_ROOT}/Target Support Files/Pods-ColorsMe-ColorsMeUITests/Pods-ColorsMe-ColorsMeUITests-frameworks.sh\"\n";
			showEnvVarsInLog = 0;
		};
		2D9A2E674DCC264C24B8091B /* [CP] Embed Pods Frameworks */ = {
			isa = PBXShellScriptBuildPhase;
			buildActionMask = 2147483647;
			files = (
			);
			inputFileListPaths = (
				"${PODS_ROOT}/Target Support Files/Pods-ColorsMe/Pods-ColorsMe-frameworks-${CONFIGURATION}-input-files.xcfilelist",
			);
			name = "[CP] Embed Pods Frameworks";
			outputFileListPaths = (
				"${PODS_ROOT}/Target Support Files/Pods-ColorsMe/Pods-ColorsMe-frameworks-${CONFIGURATION}-output-files.xcfilelist",
			);
			runOnlyForDeploymentPostprocessing = 0;
			shellPath = /bin/sh;
			shellScript = "\"${PODS_ROOT}/Target Support Files/Pods-ColorsMe/Pods-ColorsMe-frameworks.sh\"\n";
			showEnvVarsInLog = 0;
		};
		3F5238C7762FE9BE83AECD75 /* [CP] Check Pods Manifest.lock */ = {
			isa = PBXShellScriptBuildPhase;
			buildActionMask = 2147483647;
			files = (
			);
			inputFileListPaths = (
			);
			inputPaths = (
				"${PODS_PODFILE_DIR_PATH}/Podfile.lock",
				"${PODS_ROOT}/Manifest.lock",
			);
			name = "[CP] Check Pods Manifest.lock";
			outputFileListPaths = (
			);
			outputPaths = (
				"$(DERIVED_FILE_DIR)/Pods-ColorsMeTests-checkManifestLockResult.txt",
			);
			runOnlyForDeploymentPostprocessing = 0;
			shellPath = /bin/sh;
			shellScript = "diff \"${PODS_PODFILE_DIR_PATH}/Podfile.lock\" \"${PODS_ROOT}/Manifest.lock\" > /dev/null\nif [ $? != 0 ] ; then\n    # print error to STDERR\n    echo \"error: The sandbox is not in sync with the Podfile.lock. Run 'pod install' or update your CocoaPods installation.\" >&2\n    exit 1\nfi\n# This output is used by Xcode 'outputs' to avoid re-running this script phase.\necho \"SUCCESS\" > \"${SCRIPT_OUTPUT_FILE_0}\"\n";
			showEnvVarsInLog = 0;
		};
		4BA2A8BECB0DEEF0D39BB005 /* [CP] Check Pods Manifest.lock */ = {
			isa = PBXShellScriptBuildPhase;
			buildActionMask = 2147483647;
			files = (
			);
			inputFileListPaths = (
			);
			inputPaths = (
				"${PODS_PODFILE_DIR_PATH}/Podfile.lock",
				"${PODS_ROOT}/Manifest.lock",
			);
			name = "[CP] Check Pods Manifest.lock";
			outputFileListPaths = (
			);
			outputPaths = (
				"$(DERIVED_FILE_DIR)/Pods-ColorsMe-ColorsMeUITests-checkManifestLockResult.txt",
			);
			runOnlyForDeploymentPostprocessing = 0;
			shellPath = /bin/sh;
			shellScript = "diff \"${PODS_PODFILE_DIR_PATH}/Podfile.lock\" \"${PODS_ROOT}/Manifest.lock\" > /dev/null\nif [ $? != 0 ] ; then\n    # print error to STDERR\n    echo \"error: The sandbox is not in sync with the Podfile.lock. Run 'pod install' or update your CocoaPods installation.\" >&2\n    exit 1\nfi\n# This output is used by Xcode 'outputs' to avoid re-running this script phase.\necho \"SUCCESS\" > \"${SCRIPT_OUTPUT_FILE_0}\"\n";
			showEnvVarsInLog = 0;
		};
		875D6E392474335500C6DF31 /* Build Number */ = {
			isa = PBXShellScriptBuildPhase;
			buildActionMask = 2147483647;
			files = (
			);
			inputFileListPaths = (
			);
			inputPaths = (
			);
			name = "Build Number";
			outputFileListPaths = (
			);
			outputPaths = (
			);
			runOnlyForDeploymentPostprocessing = 0;
			shellPath = /bin/sh;
			shellScript = "buildNumber=$(/usr/libexec/PlistBuddy -c \"Print CFBundleVersion\" \"${PROJECT_DIR}/${INFOPLIST_FILE}\")\nbuildNumber=$(($buildNumber + 1))\n/usr/libexec/PlistBuddy -c \"Set :CFBundleVersion $buildNumber\" \"${PROJECT_DIR}/${INFOPLIST_FILE}\"\n";
		};
		CE32D16F0B32DEE9DCB8F774 /* [CP] Check Pods Manifest.lock */ = {
			isa = PBXShellScriptBuildPhase;
			buildActionMask = 2147483647;
			files = (
			);
			inputFileListPaths = (
			);
			inputPaths = (
				"${PODS_PODFILE_DIR_PATH}/Podfile.lock",
				"${PODS_ROOT}/Manifest.lock",
			);
			name = "[CP] Check Pods Manifest.lock";
			outputFileListPaths = (
			);
			outputPaths = (
				"$(DERIVED_FILE_DIR)/Pods-ColorsMe-checkManifestLockResult.txt",
			);
			runOnlyForDeploymentPostprocessing = 0;
			shellPath = /bin/sh;
			shellScript = "diff \"${PODS_PODFILE_DIR_PATH}/Podfile.lock\" \"${PODS_ROOT}/Manifest.lock\" > /dev/null\nif [ $? != 0 ] ; then\n    # print error to STDERR\n    echo \"error: The sandbox is not in sync with the Podfile.lock. Run 'pod install' or update your CocoaPods installation.\" >&2\n    exit 1\nfi\n# This output is used by Xcode 'outputs' to avoid re-running this script phase.\necho \"SUCCESS\" > \"${SCRIPT_OUTPUT_FILE_0}\"\n";
			showEnvVarsInLog = 0;
		};
/* End PBXShellScriptBuildPhase section */

/* Begin PBXSourcesBuildPhase section */
		875D6DFF247431B100C6DF31 /* Sources */ = {
			isa = PBXSourcesBuildPhase;
			buildActionMask = 2147483647;
			files = (
				87CEC7C724782A7400206255 /* ColorMapInterfaces.swift in Sources */,
				87CEC7922477F9AF00206255 /* ColorsNavigationViewController.swift in Sources */,
				873AC71C2477C95400261CD5 /* BaseWireframe.swift in Sources */,
				07342E12247956E800A77BF7 /* IntroWireframe.swift in Sources */,
				87CEC7CA24782A7400206255 /* ColorMapInteractor.swift in Sources */,
				873AC7302477D59100261CD5 /* Storyboard.swift in Sources */,
				875D6E11247431B100C6DF31 /* ColorsMe.xcdatamodeld in Sources */,
				87CEC7BF2478265400206255 /* ColorTabBarWireframe.swift in Sources */,
				87CEC7C924782A7400206255 /* ColorMapViewController.swift in Sources */,
				87CEC7B52478216100206255 /* EmotionalColor.swift in Sources */,
				87CEC7BC2478265400206255 /* ColorTabBarInterfaces.swift in Sources */,
				87CEC7AD2477FCE300206255 /* InteractorInterface.swift in Sources */,
				873AC7122477C8DC00261CD5 /* TabBarViewProtocol.swift in Sources */,
				07342E0F247956E800A77BF7 /* IntroInterfaces.swift in Sources */,
				87CEC7BD2478265400206255 /* ColorTabBarPresenter.swift in Sources */,
				875D6E07247431B100C6DF31 /* AppDelegate.swift in Sources */,
				07342E11247956E800A77BF7 /* IntroViewController.swift in Sources */,
				87CEC7C824782A7400206255 /* ColorMapPresenter.swift in Sources */,
				87CEC7BE2478265400206255 /* ColorTabBarViewController.swift in Sources */,
				87CEC7AE2477FCE300206255 /* ViewInterface.swift in Sources */,
				87CEC7AB2477FCE300206255 /* PresenterInterface.swift in Sources */,
				875D6E09247431B100C6DF31 /* SceneDelegate.swift in Sources */,
				87CEC7CB24782A7400206255 /* ColorMapWireframe.swift in Sources */,
				07342E10247956E800A77BF7 /* IntroPresenter.swift in Sources */,
				87CEC7AC2477FCE300206255 /* FormatterInterface.swift in Sources */,
			);
			runOnlyForDeploymentPostprocessing = 0;
		};
		875D6E18247431B700C6DF31 /* Sources */ = {
			isa = PBXSourcesBuildPhase;
			buildActionMask = 2147483647;
			files = (
				875D6E21247431B700C6DF31 /* ColorsMeTests.swift in Sources */,
			);
			runOnlyForDeploymentPostprocessing = 0;
		};
		875D6E23247431B700C6DF31 /* Sources */ = {
			isa = PBXSourcesBuildPhase;
			buildActionMask = 2147483647;
			files = (
				875D6E2C247431B700C6DF31 /* ColorsMeUITests.swift in Sources */,
			);
			runOnlyForDeploymentPostprocessing = 0;
		};
/* End PBXSourcesBuildPhase section */

/* Begin PBXTargetDependency section */
		875D6E1E247431B700C6DF31 /* PBXTargetDependency */ = {
			isa = PBXTargetDependency;
			target = 875D6E02247431B100C6DF31 /* ColorsMe */;
			targetProxy = 875D6E1D247431B700C6DF31 /* PBXContainerItemProxy */;
		};
		875D6E29247431B700C6DF31 /* PBXTargetDependency */ = {
			isa = PBXTargetDependency;
			target = 875D6E02247431B100C6DF31 /* ColorsMe */;
			targetProxy = 875D6E28247431B700C6DF31 /* PBXContainerItemProxy */;
		};
/* End PBXTargetDependency section */

/* Begin PBXVariantGroup section */
		875D6E14247431B600C6DF31 /* LaunchScreen.storyboard */ = {
			isa = PBXVariantGroup;
			children = (
				875D6E15247431B600C6DF31 /* Base */,
			);
			name = LaunchScreen.storyboard;
			sourceTree = "<group>";
		};
/* End PBXVariantGroup section */

/* Begin XCBuildConfiguration section */
		875D6E2E247431B700C6DF31 /* Debug */ = {
			isa = XCBuildConfiguration;
			buildSettings = {
				ALWAYS_SEARCH_USER_PATHS = NO;
				CLANG_ANALYZER_NONNULL = YES;
				CLANG_ANALYZER_NUMBER_OBJECT_CONVERSION = YES_AGGRESSIVE;
				CLANG_CXX_LANGUAGE_STANDARD = "gnu++14";
				CLANG_CXX_LIBRARY = "libc++";
				CLANG_ENABLE_MODULES = YES;
				CLANG_ENABLE_OBJC_ARC = YES;
				CLANG_ENABLE_OBJC_WEAK = YES;
				CLANG_WARN_BLOCK_CAPTURE_AUTORELEASING = YES;
				CLANG_WARN_BOOL_CONVERSION = YES;
				CLANG_WARN_COMMA = YES;
				CLANG_WARN_CONSTANT_CONVERSION = YES;
				CLANG_WARN_DEPRECATED_OBJC_IMPLEMENTATIONS = YES;
				CLANG_WARN_DIRECT_OBJC_ISA_USAGE = YES_ERROR;
				CLANG_WARN_DOCUMENTATION_COMMENTS = YES;
				CLANG_WARN_EMPTY_BODY = YES;
				CLANG_WARN_ENUM_CONVERSION = YES;
				CLANG_WARN_INFINITE_RECURSION = YES;
				CLANG_WARN_INT_CONVERSION = YES;
				CLANG_WARN_NON_LITERAL_NULL_CONVERSION = YES;
				CLANG_WARN_OBJC_IMPLICIT_RETAIN_SELF = YES;
				CLANG_WARN_OBJC_LITERAL_CONVERSION = YES;
				CLANG_WARN_OBJC_ROOT_CLASS = YES_ERROR;
				CLANG_WARN_RANGE_LOOP_ANALYSIS = YES;
				CLANG_WARN_STRICT_PROTOTYPES = YES;
				CLANG_WARN_SUSPICIOUS_MOVE = YES;
				CLANG_WARN_UNGUARDED_AVAILABILITY = YES_AGGRESSIVE;
				CLANG_WARN_UNREACHABLE_CODE = YES;
				CLANG_WARN__DUPLICATE_METHOD_MATCH = YES;
				COPY_PHASE_STRIP = NO;
				DEBUG_INFORMATION_FORMAT = dwarf;
				ENABLE_STRICT_OBJC_MSGSEND = YES;
				ENABLE_TESTABILITY = YES;
				GCC_C_LANGUAGE_STANDARD = gnu11;
				GCC_DYNAMIC_NO_PIC = NO;
				GCC_NO_COMMON_BLOCKS = YES;
				GCC_OPTIMIZATION_LEVEL = 0;
				GCC_PREPROCESSOR_DEFINITIONS = (
					"DEBUG=1",
					"$(inherited)",
				);
				GCC_WARN_64_TO_32_BIT_CONVERSION = YES;
				GCC_WARN_ABOUT_RETURN_TYPE = YES_ERROR;
				GCC_WARN_UNDECLARED_SELECTOR = YES;
				GCC_WARN_UNINITIALIZED_AUTOS = YES_AGGRESSIVE;
				GCC_WARN_UNUSED_FUNCTION = YES;
				GCC_WARN_UNUSED_VARIABLE = YES;
				IPHONEOS_DEPLOYMENT_TARGET = 13.0;
				MTL_ENABLE_DEBUG_INFO = INCLUDE_SOURCE;
				MTL_FAST_MATH = YES;
				ONLY_ACTIVE_ARCH = YES;
				SDKROOT = iphoneos;
				SWIFT_ACTIVE_COMPILATION_CONDITIONS = DEBUG;
				SWIFT_OPTIMIZATION_LEVEL = "-Onone";
			};
			name = Debug;
		};
		875D6E2F247431B700C6DF31 /* Release */ = {
			isa = XCBuildConfiguration;
			buildSettings = {
				ALWAYS_SEARCH_USER_PATHS = NO;
				CLANG_ANALYZER_NONNULL = YES;
				CLANG_ANALYZER_NUMBER_OBJECT_CONVERSION = YES_AGGRESSIVE;
				CLANG_CXX_LANGUAGE_STANDARD = "gnu++14";
				CLANG_CXX_LIBRARY = "libc++";
				CLANG_ENABLE_MODULES = YES;
				CLANG_ENABLE_OBJC_ARC = YES;
				CLANG_ENABLE_OBJC_WEAK = YES;
				CLANG_WARN_BLOCK_CAPTURE_AUTORELEASING = YES;
				CLANG_WARN_BOOL_CONVERSION = YES;
				CLANG_WARN_COMMA = YES;
				CLANG_WARN_CONSTANT_CONVERSION = YES;
				CLANG_WARN_DEPRECATED_OBJC_IMPLEMENTATIONS = YES;
				CLANG_WARN_DIRECT_OBJC_ISA_USAGE = YES_ERROR;
				CLANG_WARN_DOCUMENTATION_COMMENTS = YES;
				CLANG_WARN_EMPTY_BODY = YES;
				CLANG_WARN_ENUM_CONVERSION = YES;
				CLANG_WARN_INFINITE_RECURSION = YES;
				CLANG_WARN_INT_CONVERSION = YES;
				CLANG_WARN_NON_LITERAL_NULL_CONVERSION = YES;
				CLANG_WARN_OBJC_IMPLICIT_RETAIN_SELF = YES;
				CLANG_WARN_OBJC_LITERAL_CONVERSION = YES;
				CLANG_WARN_OBJC_ROOT_CLASS = YES_ERROR;
				CLANG_WARN_RANGE_LOOP_ANALYSIS = YES;
				CLANG_WARN_STRICT_PROTOTYPES = YES;
				CLANG_WARN_SUSPICIOUS_MOVE = YES;
				CLANG_WARN_UNGUARDED_AVAILABILITY = YES_AGGRESSIVE;
				CLANG_WARN_UNREACHABLE_CODE = YES;
				CLANG_WARN__DUPLICATE_METHOD_MATCH = YES;
				COPY_PHASE_STRIP = NO;
				DEBUG_INFORMATION_FORMAT = "dwarf-with-dsym";
				ENABLE_NS_ASSERTIONS = NO;
				ENABLE_STRICT_OBJC_MSGSEND = YES;
				GCC_C_LANGUAGE_STANDARD = gnu11;
				GCC_NO_COMMON_BLOCKS = YES;
				GCC_WARN_64_TO_32_BIT_CONVERSION = YES;
				GCC_WARN_ABOUT_RETURN_TYPE = YES_ERROR;
				GCC_WARN_UNDECLARED_SELECTOR = YES;
				GCC_WARN_UNINITIALIZED_AUTOS = YES_AGGRESSIVE;
				GCC_WARN_UNUSED_FUNCTION = YES;
				GCC_WARN_UNUSED_VARIABLE = YES;
				IPHONEOS_DEPLOYMENT_TARGET = 13.0;
				MTL_ENABLE_DEBUG_INFO = NO;
				MTL_FAST_MATH = YES;
				SDKROOT = iphoneos;
				SWIFT_COMPILATION_MODE = wholemodule;
				SWIFT_OPTIMIZATION_LEVEL = "-O";
				VALIDATE_PRODUCT = YES;
			};
			name = Release;
		};
		875D6E31247431B700C6DF31 /* Debug */ = {
			isa = XCBuildConfiguration;
			baseConfigurationReference = A9FC000EFEB6C462BFF86E19 /* Pods-ColorsMe.debug.xcconfig */;
			buildSettings = {
				ASSETCATALOG_COMPILER_APPICON_NAME = AppIcon;
				CODE_SIGN_STYLE = Automatic;
				DEVELOPMENT_TEAM = MPA25UYNXL;
				INFOPLIST_FILE = ColorsMe/Info.plist;
				IPHONEOS_DEPLOYMENT_TARGET = 13.0;
				LD_RUNPATH_SEARCH_PATHS = (
					"$(inherited)",
					"@executable_path/Frameworks",
				);
				PRODUCT_BUNDLE_IDENTIFIER = "org.bit-design.ColorsMe";
				PRODUCT_NAME = "$(TARGET_NAME)";
				SWIFT_VERSION = 5.0;
				TARGETED_DEVICE_FAMILY = "1,2";
			};
			name = Debug;
		};
		875D6E32247431B700C6DF31 /* Release */ = {
			isa = XCBuildConfiguration;
			baseConfigurationReference = BD375A421E8BA2D3309FE03B /* Pods-ColorsMe.release.xcconfig */;
			buildSettings = {
				ASSETCATALOG_COMPILER_APPICON_NAME = AppIcon;
				CODE_SIGN_STYLE = Automatic;
				DEVELOPMENT_TEAM = MPA25UYNXL;
				INFOPLIST_FILE = ColorsMe/Info.plist;
				IPHONEOS_DEPLOYMENT_TARGET = 13.0;
				LD_RUNPATH_SEARCH_PATHS = (
					"$(inherited)",
					"@executable_path/Frameworks",
				);
				PRODUCT_BUNDLE_IDENTIFIER = "org.bit-design.ColorsMe";
				PRODUCT_NAME = "$(TARGET_NAME)";
				SWIFT_VERSION = 5.0;
				TARGETED_DEVICE_FAMILY = "1,2";
			};
			name = Release;
		};
		875D6E34247431B700C6DF31 /* Debug */ = {
			isa = XCBuildConfiguration;
			baseConfigurationReference = B2B66BE1C363E8E37B8BE064 /* Pods-ColorsMeTests.debug.xcconfig */;
			buildSettings = {
				ALWAYS_EMBED_SWIFT_STANDARD_LIBRARIES = YES;
				BUNDLE_LOADER = "$(TEST_HOST)";
				CODE_SIGN_STYLE = Automatic;
				DEVELOPMENT_TEAM = MPA25UYNXL;
				INFOPLIST_FILE = ColorsMeTests/Info.plist;
				IPHONEOS_DEPLOYMENT_TARGET = 13.4;
				LD_RUNPATH_SEARCH_PATHS = (
					"$(inherited)",
					"@executable_path/Frameworks",
					"@loader_path/Frameworks",
				);
				PRODUCT_BUNDLE_IDENTIFIER = "org.bit-design.ColorsMeTests";
				PRODUCT_NAME = "$(TARGET_NAME)";
				SWIFT_VERSION = 5.0;
				TARGETED_DEVICE_FAMILY = "1,2";
				TEST_HOST = "$(BUILT_PRODUCTS_DIR)/ColorsMe.app/ColorsMe";
			};
			name = Debug;
		};
		875D6E35247431B700C6DF31 /* Release */ = {
			isa = XCBuildConfiguration;
			baseConfigurationReference = 11CF73532C8DABECA62F6556 /* Pods-ColorsMeTests.release.xcconfig */;
			buildSettings = {
				ALWAYS_EMBED_SWIFT_STANDARD_LIBRARIES = YES;
				BUNDLE_LOADER = "$(TEST_HOST)";
				CODE_SIGN_STYLE = Automatic;
				DEVELOPMENT_TEAM = MPA25UYNXL;
				INFOPLIST_FILE = ColorsMeTests/Info.plist;
				IPHONEOS_DEPLOYMENT_TARGET = 13.4;
				LD_RUNPATH_SEARCH_PATHS = (
					"$(inherited)",
					"@executable_path/Frameworks",
					"@loader_path/Frameworks",
				);
				PRODUCT_BUNDLE_IDENTIFIER = "org.bit-design.ColorsMeTests";
				PRODUCT_NAME = "$(TARGET_NAME)";
				SWIFT_VERSION = 5.0;
				TARGETED_DEVICE_FAMILY = "1,2";
				TEST_HOST = "$(BUILT_PRODUCTS_DIR)/ColorsMe.app/ColorsMe";
			};
			name = Release;
		};
		875D6E37247431B700C6DF31 /* Debug */ = {
			isa = XCBuildConfiguration;
			baseConfigurationReference = 2FF592CE8B7E90DCFFB2C306 /* Pods-ColorsMe-ColorsMeUITests.debug.xcconfig */;
			buildSettings = {
				ALWAYS_EMBED_SWIFT_STANDARD_LIBRARIES = YES;
				CODE_SIGN_STYLE = Automatic;
				DEVELOPMENT_TEAM = MPA25UYNXL;
				INFOPLIST_FILE = ColorsMeUITests/Info.plist;
				LD_RUNPATH_SEARCH_PATHS = (
					"$(inherited)",
					"@executable_path/Frameworks",
					"@loader_path/Frameworks",
				);
				PRODUCT_BUNDLE_IDENTIFIER = "org.bit-design.ColorsMeUITests";
				PRODUCT_NAME = "$(TARGET_NAME)";
				SWIFT_VERSION = 5.0;
				TARGETED_DEVICE_FAMILY = "1,2";
				TEST_TARGET_NAME = ColorsMe;
			};
			name = Debug;
		};
		875D6E38247431B700C6DF31 /* Release */ = {
			isa = XCBuildConfiguration;
			baseConfigurationReference = E834211D42DA5E503D1A3019 /* Pods-ColorsMe-ColorsMeUITests.release.xcconfig */;
			buildSettings = {
				ALWAYS_EMBED_SWIFT_STANDARD_LIBRARIES = YES;
				CODE_SIGN_STYLE = Automatic;
				DEVELOPMENT_TEAM = MPA25UYNXL;
				INFOPLIST_FILE = ColorsMeUITests/Info.plist;
				LD_RUNPATH_SEARCH_PATHS = (
					"$(inherited)",
					"@executable_path/Frameworks",
					"@loader_path/Frameworks",
				);
				PRODUCT_BUNDLE_IDENTIFIER = "org.bit-design.ColorsMeUITests";
				PRODUCT_NAME = "$(TARGET_NAME)";
				SWIFT_VERSION = 5.0;
				TARGETED_DEVICE_FAMILY = "1,2";
				TEST_TARGET_NAME = ColorsMe;
			};
			name = Release;
		};
/* End XCBuildConfiguration section */

/* Begin XCConfigurationList section */
		875D6DFE247431B100C6DF31 /* Build configuration list for PBXProject "ColorsMe" */ = {
			isa = XCConfigurationList;
			buildConfigurations = (
				875D6E2E247431B700C6DF31 /* Debug */,
				875D6E2F247431B700C6DF31 /* Release */,
			);
			defaultConfigurationIsVisible = 0;
			defaultConfigurationName = Release;
		};
		875D6E30247431B700C6DF31 /* Build configuration list for PBXNativeTarget "ColorsMe" */ = {
			isa = XCConfigurationList;
			buildConfigurations = (
				875D6E31247431B700C6DF31 /* Debug */,
				875D6E32247431B700C6DF31 /* Release */,
			);
			defaultConfigurationIsVisible = 0;
			defaultConfigurationName = Release;
		};
		875D6E33247431B700C6DF31 /* Build configuration list for PBXNativeTarget "ColorsMeTests" */ = {
			isa = XCConfigurationList;
			buildConfigurations = (
				875D6E34247431B700C6DF31 /* Debug */,
				875D6E35247431B700C6DF31 /* Release */,
			);
			defaultConfigurationIsVisible = 0;
			defaultConfigurationName = Release;
		};
		875D6E36247431B700C6DF31 /* Build configuration list for PBXNativeTarget "ColorsMeUITests" */ = {
			isa = XCConfigurationList;
			buildConfigurations = (
				875D6E37247431B700C6DF31 /* Debug */,
				875D6E38247431B700C6DF31 /* Release */,
			);
			defaultConfigurationIsVisible = 0;
			defaultConfigurationName = Release;
		};
/* End XCConfigurationList section */

/* Begin XCVersionGroup section */
		875D6E0F247431B100C6DF31 /* ColorsMe.xcdatamodeld */ = {
			isa = XCVersionGroup;
			children = (
				875D6E10247431B100C6DF31 /* ColorsMe.xcdatamodel */,
			);
			currentVersion = 875D6E10247431B100C6DF31 /* ColorsMe.xcdatamodel */;
			path = ColorsMe.xcdatamodeld;
			sourceTree = "<group>";
			versionGroupType = wrapper.xcdatamodel;
		};
/* End XCVersionGroup section */
	};
	rootObject = 875D6DFB247431B100C6DF31 /* Project object */;
}
